
Microsoft Visual Studio Solution File, Format Version 12.00
# Visual Studio Version 16
VisualStudioVersion = 16.0.810.9
MinimumVisualStudioVersion = 10.0.40219.1
Project("{FAE04EC0-301F-11D3-BF4B-00C04F79EFBC}") = "background.Android", "background.Android\background.Android.csproj", "{95576727-1B5D-497D-AD32-E72937A47945}"
EndProject
Project("{FAE04EC0-301F-11D3-BF4B-00C04F79EFBC}") = "background.iOS", "background.iOS\background.iOS.csproj", "{EEABDA53-D448-497C-9B26-CE52F160B62C}"
EndProject
Project("{FAE04EC0-301F-11D3-BF4B-00C04F79EFBC}") = "background", "background\background.csproj", "{2BCF45E6-B9BE-4CAC-BBBA-354006F97F40}"
EndProject
Global
	GlobalSection(SolutionConfigurationPlatforms) = preSolution
		Debug|Any CPU = Debug|Any CPU
		Release|Any CPU = Release|Any CPU
		Debug|iPhoneSimulator = Debug|iPhoneSimulator
		Release|iPhoneSimulator = Release|iPhoneSimulator
		Debug|iPhone = Debug|iPhone
		Release|iPhone = Release|iPhone
	EndGlobalSection
	GlobalSection(ProjectConfigurationPlatforms) = postSolution
		{95576727-1B5D-497D-AD32-E72937A47945}.Debug|Any CPU.ActiveCfg = Debug|Any CPU
		{95576727-1B5D-497D-AD32-E72937A47945}.Debug|Any CPU.Build.0 = Debug|Any CPU
		{95576727-1B5D-497D-AD32-E72937A47945}.Release|Any CPU.ActiveCfg = Release|Any CPU
		{95576727-1B5D-497D-AD32-E72937A47945}.Release|Any CPU.Build.0 = Release|Any CPU
		{95576727-1B5D-497D-AD32-E72937A47945}.Debug|iPhoneSimulator.ActiveCfg = Debug|Any CPU
		{95576727-1B5D-497D-AD32-E72937A47945}.Debug|iPhoneSimulator.Build.0 = Debug|Any CPU
		{95576727-1B5D-497D-AD32-E72937A47945}.Release|iPhoneSimulator.ActiveCfg = Release|Any CPU
		{95576727-1B5D-497D-AD32-E72937A47945}.Release|iPhoneSimulator.Build.0 = Release|Any CPU
		{95576727-1B5D-497D-AD32-E72937A47945}.Debug|iPhone.ActiveCfg = Debug|Any CPU
		{95576727-1B5D-497D-AD32-E72937A47945}.Debug|iPhone.Build.0 = Debug|Any CPU
		{95576727-1B5D-497D-AD32-E72937A47945}.Release|iPhone.ActiveCfg = Release|Any CPU
		{95576727-1B5D-497D-AD32-E72937A47945}.Release|iPhone.Build.0 = Release|Any CPU
		{EEABDA53-D448-497C-9B26-CE52F160B62C}.Debug|Any CPU.ActiveCfg = Debug|iPhoneSimulator
		{EEABDA53-D448-497C-9B26-CE52F160B62C}.Debug|Any CPU.Build.0 = Debug|iPhoneSimulator
		{EEABDA53-D448-497C-9B26-CE52F160B62C}.Release|Any CPU.ActiveCfg = Release|iPhoneSimulator
		{EEABDA53-D448-497C-9B26-CE52F160B62C}.Release|Any CPU.Build.0 = Release|iPhoneSimulator
		{EEABDA53-D448-497C-9B26-CE52F160B62C}.Debug|iPhoneSimulator.ActiveCfg = Debug|iPhoneSimulator
		{EEABDA53-D448-497C-9B26-CE52F160B62C}.Debug|iPhoneSimulator.Build.0 = Debug|iPhoneSimulator
		{EEABDA53-D448-497C-9B26-CE52F160B62C}.Release|iPhoneSimulator.ActiveCfg = Release|iPhoneSimulator
		{EEABDA53-D448-497C-9B26-CE52F160B62C}.Release|iPhoneSimulator.Build.0 = Release|iPhoneSimulator
		{EEABDA53-D448-497C-9B26-CE52F160B62C}.Debug|iPhone.ActiveCfg = Debug|iPhone
		{EEABDA53-D448-497C-9B26-CE52F160B62C}.Debug|iPhone.Build.0 = Debug|iPhone
		{EEABDA53-D448-497C-9B26-CE52F160B62C}.Release|iPhone.ActiveCfg = Release|iPhone
		{EEABDA53-D448-497C-9B26-CE52F160B62C}.Release|iPhone.Build.0 = Release|iPhone
		{2BCF45E6-B9BE-4CAC-BBBA-354006F97F40}.Debug|Any CPU.ActiveCfg = Debug|Any CPU
		{2BCF45E6-B9BE-4CAC-BBBA-354006F97F40}.Debug|Any CPU.Build.0 = Debug|Any CPU
		{2BCF45E6-B9BE-4CAC-BBBA-354006F97F40}.Release|Any CPU.ActiveCfg = Release|Any CPU
		{2BCF45E6-B9BE-4CAC-BBBA-354006F97F40}.Release|Any CPU.Build.0 = Release|Any CPU
		{2BCF45E6-B9BE-4CAC-BBBA-354006F97F40}.Debug|iPhoneSimulator.ActiveCfg = Debug|Any CPU
		{2BCF45E6-B9BE-4CAC-BBBA-354006F97F40}.Debug|iPhoneSimulator.Build.0 = Debug|Any CPU
		{2BCF45E6-B9BE-4CAC-BBBA-354006F97F40}.Release|iPhoneSimulator.ActiveCfg = Release|Any CPU
		{2BCF45E6-B9BE-4CAC-BBBA-354006F97F40}.Release|iPhoneSimulator.Build.0 = Release|Any CPU
		{2BCF45E6-B9BE-4CAC-BBBA-354006F97F40}.Debug|iPhone.ActiveCfg = Debug|Any CPU
		{2BCF45E6-B9BE-4CAC-BBBA-354006F97F40}.Debug|iPhone.Build.0 = Debug|Any CPU
		{2BCF45E6-B9BE-4CAC-BBBA-354006F97F40}.Release|iPhone.ActiveCfg = Release|Any CPU
		{2BCF45E6-B9BE-4CAC-BBBA-354006F97F40}.Release|iPhone.Build.0 = Release|Any CPU
	EndGlobalSection
	GlobalSection(SolutionProperties) = preSolution
		HideSolutionNode = FALSE
	EndGlobalSection
	GlobalSection(ExtensibilityGlobals) = postSolution
		SolutionGuid = {567029DC-7949-4973-B92D-5442BA9B4159}
	EndGlobalSection
EndGlobal
